
Microsoft Visual Studio Solution File, Format Version 12.00
# Visual Studio Version 16
VisualStudioVersion = 16.0.30413.136
MinimumVisualStudioVersion = 10.0.40219.1
Project("{9A19103F-16F7-4668-BE54-9A1E7A4F7556}") = "MarketFlight", "MarketFlight\MarketFlight.csproj", "{F449D092-89B0-4513-BBFC-99302EB4F0A5}"
EndProject
Project("{FAE04EC0-301F-11D3-BF4B-00C04F79EFBC}") = "MarketFlight.Data", "MarketFlight.Data\MarketFlight.Data.csproj", "{BFECB843-BA32-420D-A2ED-BF46B9A09BEF}"
EndProject
Global
	GlobalSection(SolutionConfigurationPlatforms) = preSolution
		Debug|Any CPU = Debug|Any CPU
		Release|Any CPU = Release|Any CPU
	EndGlobalSection
	GlobalSection(ProjectConfigurationPlatforms) = postSolution
		{F449D092-89B0-4513-BBFC-99302EB4F0A5}.Debug|Any CPU.ActiveCfg = Debug|Any CPU
		{F449D092-89B0-4513-BBFC-99302EB4F0A5}.Debug|Any CPU.Build.0 = Debug|Any CPU
		{F449D092-89B0-4513-BBFC-99302EB4F0A5}.Release|Any CPU.ActiveCfg = Release|Any CPU
		{F449D092-89B0-4513-BBFC-99302EB4F0A5}.Release|Any CPU.Build.0 = Release|Any CPU
		{BFECB843-BA32-420D-A2ED-BF46B9A09BEF}.Debug|Any CPU.ActiveCfg = Debug|Any CPU
		{BFECB843-BA32-420D-A2ED-BF46B9A09BEF}.Debug|Any CPU.Build.0 = Debug|Any CPU
		{BFECB843-BA32-420D-A2ED-BF46B9A09BEF}.Release|Any CPU.ActiveCfg = Release|Any CPU
		{BFECB843-BA32-420D-A2ED-BF46B9A09BEF}.Release|Any CPU.Build.0 = Release|Any CPU
	EndGlobalSection
	GlobalSection(SolutionProperties) = preSolution
		HideSolutionNode = FALSE
	EndGlobalSection
	GlobalSection(ExtensibilityGlobals) = postSolution
		SolutionGuid = {8DB2EF3F-FBE2-4E8C-BD3C-3ED431B0D23D}
	EndGlobalSection
EndGlobal
